
Microsoft Visual Studio Solution File, Format Version 12.00
# Visual Studio Version 17
VisualStudioVersion = 17.4.33110.190
MinimumVisualStudioVersion = 10.0.40219.1
Project("{9A19103F-16F7-4668-BE54-9A1E7A4F7556}") = "Day1", "Day1\Day1.csproj", "{B7A5EAFC-27BD-498D-A512-7CE137116DDF}"
EndProject
Project("{9A19103F-16F7-4668-BE54-9A1E7A4F7556}") = "Day2", "Day2\Day2.csproj", "{5B8113FC-1D61-4BC4-97B4-663ED8A2F6FE}"
EndProject
Project("{9A19103F-16F7-4668-BE54-9A1E7A4F7556}") = "Day3", "Day3\Day3.csproj", "{1D2A5E42-B730-4433-A7F3-F370B8D61DFC}"
EndProject
Project("{9A19103F-16F7-4668-BE54-9A1E7A4F7556}") = "Day4", "Day4\Day4.csproj", "{736504CA-7FD0-4E66-B3B6-5AFD84D2FF38}"
EndProject
Project("{9A19103F-16F7-4668-BE54-9A1E7A4F7556}") = "Day5", "Day5\Day5.csproj", "{779B9B1C-35AE-4B91-9DB3-91224A925557}"
EndProject
Project("{FAE04EC0-301F-11D3-BF4B-00C04F79EFBC}") = "Day6", "Day6\Day6.csproj", "{7C94DDE1-FBCE-4B29-BD7E-D28B29D3B54F}"
EndProject
Global
	GlobalSection(SolutionConfigurationPlatforms) = preSolution
		Debug|Any CPU = Debug|Any CPU
		Release|Any CPU = Release|Any CPU
	EndGlobalSection
	GlobalSection(ProjectConfigurationPlatforms) = postSolution
		{B7A5EAFC-27BD-498D-A512-7CE137116DDF}.Debug|Any CPU.ActiveCfg = Debug|Any CPU
		{B7A5EAFC-27BD-498D-A512-7CE137116DDF}.Debug|Any CPU.Build.0 = Debug|Any CPU
		{B7A5EAFC-27BD-498D-A512-7CE137116DDF}.Release|Any CPU.ActiveCfg = Release|Any CPU
		{B7A5EAFC-27BD-498D-A512-7CE137116DDF}.Release|Any CPU.Build.0 = Release|Any CPU
		{5B8113FC-1D61-4BC4-97B4-663ED8A2F6FE}.Debug|Any CPU.ActiveCfg = Debug|Any CPU
		{5B8113FC-1D61-4BC4-97B4-663ED8A2F6FE}.Debug|Any CPU.Build.0 = Debug|Any CPU
		{5B8113FC-1D61-4BC4-97B4-663ED8A2F6FE}.Release|Any CPU.ActiveCfg = Release|Any CPU
		{5B8113FC-1D61-4BC4-97B4-663ED8A2F6FE}.Release|Any CPU.Build.0 = Release|Any CPU
		{1D2A5E42-B730-4433-A7F3-F370B8D61DFC}.Debug|Any CPU.ActiveCfg = Debug|Any CPU
		{1D2A5E42-B730-4433-A7F3-F370B8D61DFC}.Debug|Any CPU.Build.0 = Debug|Any CPU
		{1D2A5E42-B730-4433-A7F3-F370B8D61DFC}.Release|Any CPU.ActiveCfg = Release|Any CPU
		{1D2A5E42-B730-4433-A7F3-F370B8D61DFC}.Release|Any CPU.Build.0 = Release|Any CPU
		{736504CA-7FD0-4E66-B3B6-5AFD84D2FF38}.Debug|Any CPU.ActiveCfg = Debug|Any CPU
		{736504CA-7FD0-4E66-B3B6-5AFD84D2FF38}.Debug|Any CPU.Build.0 = Debug|Any CPU
		{736504CA-7FD0-4E66-B3B6-5AFD84D2FF38}.Release|Any CPU.ActiveCfg = Release|Any CPU
		{736504CA-7FD0-4E66-B3B6-5AFD84D2FF38}.Release|Any CPU.Build.0 = Release|Any CPU
		{779B9B1C-35AE-4B91-9DB3-91224A925557}.Debug|Any CPU.ActiveCfg = Debug|Any CPU
		{779B9B1C-35AE-4B91-9DB3-91224A925557}.Debug|Any CPU.Build.0 = Debug|Any CPU
		{779B9B1C-35AE-4B91-9DB3-91224A925557}.Release|Any CPU.ActiveCfg = Release|Any CPU
		{779B9B1C-35AE-4B91-9DB3-91224A925557}.Release|Any CPU.Build.0 = Release|Any CPU
		{7C94DDE1-FBCE-4B29-BD7E-D28B29D3B54F}.Debug|Any CPU.ActiveCfg = Debug|Any CPU
		{7C94DDE1-FBCE-4B29-BD7E-D28B29D3B54F}.Debug|Any CPU.Build.0 = Debug|Any CPU
		{7C94DDE1-FBCE-4B29-BD7E-D28B29D3B54F}.Release|Any CPU.ActiveCfg = Release|Any CPU
		{7C94DDE1-FBCE-4B29-BD7E-D28B29D3B54F}.Release|Any CPU.Build.0 = Release|Any CPU
	EndGlobalSection
	GlobalSection(SolutionProperties) = preSolution
		HideSolutionNode = FALSE
	EndGlobalSection
	GlobalSection(ExtensibilityGlobals) = postSolution
		SolutionGuid = {97313C49-0F7F-4433-8516-91EDCE3A5F31}
	EndGlobalSection
EndGlobal
